// !$*UTF8*$!
{
	archiveVersion = 1;
	classes = {
	};
	objectVersion = 48;
	objects = {

/* Begin PBXBuildFile section */
		C4C3BADF209887E700B611F1 /* AppDelegate.swift in Sources */ = {isa = PBXBuildFile; fileRef = C4C3BADE209887E700B611F1 /* AppDelegate.swift */; };
		C4C3BAE1209887E700B611F1 /* ViewController.swift in Sources */ = {isa = PBXBuildFile; fileRef = C4C3BAE0209887E700B611F1 /* ViewController.swift */; };
		C4C3BAE4209887E800B611F1 /* Main.storyboard in Resources */ = {isa = PBXBuildFile; fileRef = C4C3BAE2209887E800B611F1 /* Main.storyboard */; };
		C4C3BAE6209887E800B611F1 /* Assets.xcassets in Resources */ = {isa = PBXBuildFile; fileRef = C4C3BAE5209887E800B611F1 /* Assets.xcassets */; };
		C4C3BAE9209887E800B611F1 /* LaunchScreen.storyboard in Resources */ = {isa = PBXBuildFile; fileRef = C4C3BAE7209887E800B611F1 /* LaunchScreen.storyboard */; };
		C4C3BAF4209887E900B611F1 /* WeatherRobotTests.swift in Sources */ = {isa = PBXBuildFile; fileRef = C4C3BAF3209887E900B611F1 /* WeatherRobotTests.swift */; };
		C4C3BAFF209887E900B611F1 /* WeatherRobotUITests.swift in Sources */ = {isa = PBXBuildFile; fileRef = C4C3BAFE209887E900B611F1 /* WeatherRobotUITests.swift */; };
		C4C3BB1520988D5800B611F1 /* VoiceRecognitionInteractor.swift in Sources */ = {isa = PBXBuildFile; fileRef = C4C3BB0F20988D5800B611F1 /* VoiceRecognitionInteractor.swift */; };
		C4C3BB1620988D5800B611F1 /* VoiceRecognitionPresenter.swift in Sources */ = {isa = PBXBuildFile; fileRef = C4C3BB1020988D5800B611F1 /* VoiceRecognitionPresenter.swift */; };
		C4C3BB1720988D5800B611F1 /* VoiceRecognitionProtocols.swift in Sources */ = {isa = PBXBuildFile; fileRef = C4C3BB1120988D5800B611F1 /* VoiceRecognitionProtocols.swift */; };
		C4C3BB1820988D5800B611F1 /* VoiceRecognitionRouter.swift in Sources */ = {isa = PBXBuildFile; fileRef = C4C3BB1220988D5800B611F1 /* VoiceRecognitionRouter.swift */; };
		C4C3BB1920988D5800B611F1 /* VoiceRecognitionViewController.swift in Sources */ = {isa = PBXBuildFile; fileRef = C4C3BB1320988D5800B611F1 /* VoiceRecognitionViewController.swift */; };
		C4C3BB1A20988D5800B611F1 /* VoiceRecognitionViewController.xib in Resources */ = {isa = PBXBuildFile; fileRef = C4C3BB1420988D5800B611F1 /* VoiceRecognitionViewController.xib */; };
/* End PBXBuildFile section */

/* Begin PBXContainerItemProxy section */
		C4C3BAF0209887E900B611F1 /* PBXContainerItemProxy */ = {
			isa = PBXContainerItemProxy;
			containerPortal = C4C3BAD3209887E700B611F1 /* Project object */;
			proxyType = 1;
			remoteGlobalIDString = C4C3BADA209887E700B611F1;
			remoteInfo = WeatherRobot;
		};
		C4C3BAFB209887E900B611F1 /* PBXContainerItemProxy */ = {
			isa = PBXContainerItemProxy;
			containerPortal = C4C3BAD3209887E700B611F1 /* Project object */;
			proxyType = 1;
			remoteGlobalIDString = C4C3BADA209887E700B611F1;
			remoteInfo = WeatherRobot;
		};
/* End PBXContainerItemProxy section */

/* Begin PBXFileReference section */
		C4C3BADB209887E700B611F1 /* WeatherRobot.app */ = {isa = PBXFileReference; explicitFileType = wrapper.application; includeInIndex = 0; path = WeatherRobot.app; sourceTree = BUILT_PRODUCTS_DIR; };
		C4C3BADE209887E700B611F1 /* AppDelegate.swift */ = {isa = PBXFileReference; lastKnownFileType = sourcecode.swift; path = AppDelegate.swift; sourceTree = "<group>"; };
		C4C3BAE0209887E700B611F1 /* ViewController.swift */ = {isa = PBXFileReference; lastKnownFileType = sourcecode.swift; path = ViewController.swift; sourceTree = "<group>"; };
		C4C3BAE3209887E800B611F1 /* Base */ = {isa = PBXFileReference; lastKnownFileType = file.storyboard; name = Base; path = Base.lproj/Main.storyboard; sourceTree = "<group>"; };
		C4C3BAE5209887E800B611F1 /* Assets.xcassets */ = {isa = PBXFileReference; lastKnownFileType = folder.assetcatalog; path = Assets.xcassets; sourceTree = "<group>"; };
		C4C3BAE8209887E800B611F1 /* Base */ = {isa = PBXFileReference; lastKnownFileType = file.storyboard; name = Base; path = Base.lproj/LaunchScreen.storyboard; sourceTree = "<group>"; };
		C4C3BAEA209887E800B611F1 /* Info.plist */ = {isa = PBXFileReference; lastKnownFileType = text.plist.xml; path = Info.plist; sourceTree = "<group>"; };
		C4C3BAEF209887E900B611F1 /* WeatherRobotTests.xctest */ = {isa = PBXFileReference; explicitFileType = wrapper.cfbundle; includeInIndex = 0; path = WeatherRobotTests.xctest; sourceTree = BUILT_PRODUCTS_DIR; };
		C4C3BAF3209887E900B611F1 /* WeatherRobotTests.swift */ = {isa = PBXFileReference; lastKnownFileType = sourcecode.swift; path = WeatherRobotTests.swift; sourceTree = "<group>"; };
		C4C3BAF5209887E900B611F1 /* Info.plist */ = {isa = PBXFileReference; lastKnownFileType = text.plist.xml; path = Info.plist; sourceTree = "<group>"; };
		C4C3BAFA209887E900B611F1 /* WeatherRobotUITests.xctest */ = {isa = PBXFileReference; explicitFileType = wrapper.cfbundle; includeInIndex = 0; path = WeatherRobotUITests.xctest; sourceTree = BUILT_PRODUCTS_DIR; };
		C4C3BAFE209887E900B611F1 /* WeatherRobotUITests.swift */ = {isa = PBXFileReference; lastKnownFileType = sourcecode.swift; path = WeatherRobotUITests.swift; sourceTree = "<group>"; };
		C4C3BB00209887E900B611F1 /* Info.plist */ = {isa = PBXFileReference; lastKnownFileType = text.plist.xml; path = Info.plist; sourceTree = "<group>"; };
		C4C3BB0E20988D5700B611F1 /* WeatherRobot-Bridging-Header.h */ = {isa = PBXFileReference; lastKnownFileType = sourcecode.c.h; path = "WeatherRobot-Bridging-Header.h"; sourceTree = "<group>"; };
		C4C3BB0F20988D5800B611F1 /* VoiceRecognitionInteractor.swift */ = {isa = PBXFileReference; lastKnownFileType = sourcecode.swift; path = VoiceRecognitionInteractor.swift; sourceTree = "<group>"; };
		C4C3BB1020988D5800B611F1 /* VoiceRecognitionPresenter.swift */ = {isa = PBXFileReference; lastKnownFileType = sourcecode.swift; path = VoiceRecognitionPresenter.swift; sourceTree = "<group>"; };
		C4C3BB1120988D5800B611F1 /* VoiceRecognitionProtocols.swift */ = {isa = PBXFileReference; lastKnownFileType = sourcecode.swift; path = VoiceRecognitionProtocols.swift; sourceTree = "<group>"; };
		C4C3BB1220988D5800B611F1 /* VoiceRecognitionRouter.swift */ = {isa = PBXFileReference; lastKnownFileType = sourcecode.swift; path = VoiceRecognitionRouter.swift; sourceTree = "<group>"; };
		C4C3BB1320988D5800B611F1 /* VoiceRecognitionViewController.swift */ = {isa = PBXFileReference; lastKnownFileType = sourcecode.swift; path = VoiceRecognitionViewController.swift; sourceTree = "<group>"; };
		C4C3BB1420988D5800B611F1 /* VoiceRecognitionViewController.xib */ = {isa = PBXFileReference; lastKnownFileType = file.xib; path = VoiceRecognitionViewController.xib; sourceTree = "<group>"; };
/* End PBXFileReference section */

/* Begin PBXFrameworksBuildPhase section */
		C4C3BAD8209887E700B611F1 /* Frameworks */ = {
			isa = PBXFrameworksBuildPhase;
			buildActionMask = 2147483647;
			files = (
			);
			runOnlyForDeploymentPostprocessing = 0;
		};
		C4C3BAEC209887E900B611F1 /* Frameworks */ = {
			isa = PBXFrameworksBuildPhase;
			buildActionMask = 2147483647;
			files = (
			);
			runOnlyForDeploymentPostprocessing = 0;
		};
		C4C3BAF7209887E900B611F1 /* Frameworks */ = {
			isa = PBXFrameworksBuildPhase;
			buildActionMask = 2147483647;
			files = (
			);
			runOnlyForDeploymentPostprocessing = 0;
		};
/* End PBXFrameworksBuildPhase section */

/* Begin PBXGroup section */
		C4C3BAD2209887E700B611F1 = {
			isa = PBXGroup;
			children = (
				C4C3BADD209887E700B611F1 /* WeatherRobot */,
				C4C3BAF2209887E900B611F1 /* WeatherRobotTests */,
				C4C3BAFD209887E900B611F1 /* WeatherRobotUITests */,
				C4C3BADC209887E700B611F1 /* Products */,
			);
			sourceTree = "<group>";
		};
		C4C3BADC209887E700B611F1 /* Products */ = {
			isa = PBXGroup;
			children = (
				C4C3BADB209887E700B611F1 /* WeatherRobot.app */,
				C4C3BAEF209887E900B611F1 /* WeatherRobotTests.xctest */,
				C4C3BAFA209887E900B611F1 /* WeatherRobotUITests.xctest */,
			);
			name = Products;
			sourceTree = "<group>";
		};
		C4C3BADD209887E700B611F1 /* WeatherRobot */ = {
			isa = PBXGroup;
			children = (
				C4C3BB0E20988D5700B611F1 /* WeatherRobot-Bridging-Header.h */,
				C4C3BB0D20988D1900B611F1 /* Modules */,
				C4C3BADE209887E700B611F1 /* AppDelegate.swift */,
				C4C3BAE0209887E700B611F1 /* ViewController.swift */,
				C4C3BAE2209887E800B611F1 /* Main.storyboard */,
				C4C3BAE5209887E800B611F1 /* Assets.xcassets */,
				C4C3BAE7209887E800B611F1 /* LaunchScreen.storyboard */,
				C4C3BAEA209887E800B611F1 /* Info.plist */,
			);
			path = WeatherRobot;
			sourceTree = "<group>";
		};
		C4C3BAF2209887E900B611F1 /* WeatherRobotTests */ = {
			isa = PBXGroup;
			children = (
				C4C3BAF3209887E900B611F1 /* WeatherRobotTests.swift */,
				C4C3BAF5209887E900B611F1 /* Info.plist */,
			);
			path = WeatherRobotTests;
			sourceTree = "<group>";
		};
		C4C3BAFD209887E900B611F1 /* WeatherRobotUITests */ = {
			isa = PBXGroup;
			children = (
				C4C3BAFE209887E900B611F1 /* WeatherRobotUITests.swift */,
				C4C3BB00209887E900B611F1 /* Info.plist */,
			);
			path = WeatherRobotUITests;
			sourceTree = "<group>";
		};
		C4C3BB0C20988CFF00B611F1 /* Voice recognition */ = {
			isa = PBXGroup;
			children = (
				C4C3BB0F20988D5800B611F1 /* VoiceRecognitionInteractor.swift */,
				C4C3BB1020988D5800B611F1 /* VoiceRecognitionPresenter.swift */,
				C4C3BB1120988D5800B611F1 /* VoiceRecognitionProtocols.swift */,
				C4C3BB1220988D5800B611F1 /* VoiceRecognitionRouter.swift */,
				C4C3BB1320988D5800B611F1 /* VoiceRecognitionViewController.swift */,
				C4C3BB1420988D5800B611F1 /* VoiceRecognitionViewController.xib */,
			);
			path = "Voice recognition";
			sourceTree = "<group>";
		};
		C4C3BB0D20988D1900B611F1 /* Modules */ = {
			isa = PBXGroup;
			children = (
				C4C3BB0C20988CFF00B611F1 /* Voice recognition */,
			);
			path = Modules;
			sourceTree = "<group>";
		};
/* End PBXGroup section */

/* Begin PBXNativeTarget section */
		C4C3BADA209887E700B611F1 /* WeatherRobot */ = {
			isa = PBXNativeTarget;
			buildConfigurationList = C4C3BB03209887E900B611F1 /* Build configuration list for PBXNativeTarget "WeatherRobot" */;
			buildPhases = (
				C4C3BAD7209887E700B611F1 /* Sources */,
				C4C3BAD8209887E700B611F1 /* Frameworks */,
				C4C3BAD9209887E700B611F1 /* Resources */,
			);
			buildRules = (
			);
			dependencies = (
			);
			name = WeatherRobot;
			productName = WeatherRobot;
			productReference = C4C3BADB209887E700B611F1 /* WeatherRobot.app */;
			productType = "com.apple.product-type.application";
		};
		C4C3BAEE209887E900B611F1 /* WeatherRobotTests */ = {
			isa = PBXNativeTarget;
			buildConfigurationList = C4C3BB06209887E900B611F1 /* Build configuration list for PBXNativeTarget "WeatherRobotTests" */;
			buildPhases = (
				C4C3BAEB209887E900B611F1 /* Sources */,
				C4C3BAEC209887E900B611F1 /* Frameworks */,
				C4C3BAED209887E900B611F1 /* Resources */,
			);
			buildRules = (
			);
			dependencies = (
				C4C3BAF1209887E900B611F1 /* PBXTargetDependency */,
			);
			name = WeatherRobotTests;
			productName = WeatherRobotTests;
			productReference = C4C3BAEF209887E900B611F1 /* WeatherRobotTests.xctest */;
			productType = "com.apple.product-type.bundle.unit-test";
		};
		C4C3BAF9209887E900B611F1 /* WeatherRobotUITests */ = {
			isa = PBXNativeTarget;
			buildConfigurationList = C4C3BB09209887E900B611F1 /* Build configuration list for PBXNativeTarget "WeatherRobotUITests" */;
			buildPhases = (
				C4C3BAF6209887E900B611F1 /* Sources */,
				C4C3BAF7209887E900B611F1 /* Frameworks */,
				C4C3BAF8209887E900B611F1 /* Resources */,
			);
			buildRules = (
			);
			dependencies = (
				C4C3BAFC209887E900B611F1 /* PBXTargetDependency */,
			);
			name = WeatherRobotUITests;
			productName = WeatherRobotUITests;
			productReference = C4C3BAFA209887E900B611F1 /* WeatherRobotUITests.xctest */;
			productType = "com.apple.product-type.bundle.ui-testing";
		};
/* End PBXNativeTarget section */

/* Begin PBXProject section */
		C4C3BAD3209887E700B611F1 /* Project object */ = {
			isa = PBXProject;
			attributes = {
				LastSwiftUpdateCheck = 0920;
				LastUpgradeCheck = 0920;
				ORGANIZATIONNAME = "Malek Trabelsi";
				TargetAttributes = {
					C4C3BADA209887E700B611F1 = {
						CreatedOnToolsVersion = 9.2;
						LastSwiftMigration = 0920;
						ProvisioningStyle = Automatic;
					};
					C4C3BAEE209887E900B611F1 = {
						CreatedOnToolsVersion = 9.2;
						ProvisioningStyle = Automatic;
						TestTargetID = C4C3BADA209887E700B611F1;
					};
					C4C3BAF9209887E900B611F1 = {
						CreatedOnToolsVersion = 9.2;
						ProvisioningStyle = Automatic;
						TestTargetID = C4C3BADA209887E700B611F1;
					};
				};
			};
			buildConfigurationList = C4C3BAD6209887E700B611F1 /* Build configuration list for PBXProject "WeatherRobot" */;
			compatibilityVersion = "Xcode 8.0";
			developmentRegion = en;
			hasScannedForEncodings = 0;
			knownRegions = (
				en,
				Base,
			);
			mainGroup = C4C3BAD2209887E700B611F1;
			productRefGroup = C4C3BADC209887E700B611F1 /* Products */;
			projectDirPath = "";
			projectRoot = "";
			targets = (
				C4C3BADA209887E700B611F1 /* WeatherRobot */,
				C4C3BAEE209887E900B611F1 /* WeatherRobotTests */,
				C4C3BAF9209887E900B611F1 /* WeatherRobotUITests */,
			);
		};
/* End PBXProject section */

/* Begin PBXResourcesBuildPhase section */
		C4C3BAD9209887E700B611F1 /* Resources */ = {
			isa = PBXResourcesBuildPhase;
			buildActionMask = 2147483647;
			files = (
				C4C3BAE9209887E800B611F1 /* LaunchScreen.storyboard in Resources */,
				C4C3BB1A20988D5800B611F1 /* VoiceRecognitionViewController.xib in Resources */,
				C4C3BAE6209887E800B611F1 /* Assets.xcassets in Resources */,
				C4C3BAE4209887E800B611F1 /* Main.storyboard in Resources */,
			);
			runOnlyForDeploymentPostprocessing = 0;
		};
		C4C3BAED209887E900B611F1 /* Resources */ = {
			isa = PBXResourcesBuildPhase;
			buildActionMask = 2147483647;
			files = (
			);
			runOnlyForDeploymentPostprocessing = 0;
		};
		C4C3BAF8209887E900B611F1 /* Resources */ = {
			isa = PBXResourcesBuildPhase;
			buildActionMask = 2147483647;
			files = (
			);
			runOnlyForDeploymentPostprocessing = 0;
		};
/* End PBXResourcesBuildPhase section */

/* Begin PBXSourcesBuildPhase section */
		C4C3BAD7209887E700B611F1 /* Sources */ = {
			isa = PBXSourcesBuildPhase;
			buildActionMask = 2147483647;
			files = (
				C4C3BAE1209887E700B611F1 /* ViewController.swift in Sources */,
				C4C3BB1820988D5800B611F1 /* VoiceRecognitionRouter.swift in Sources */,
				C4C3BB1620988D5800B611F1 /* VoiceRecognitionPresenter.swift in Sources */,
				C4C3BB1520988D5800B611F1 /* VoiceRecognitionInteractor.swift in Sources */,
				C4C3BB1720988D5800B611F1 /* VoiceRecognitionProtocols.swift in Sources */,
				C4C3BB1920988D5800B611F1 /* VoiceRecognitionViewController.swift in Sources */,
				C4C3BADF209887E700B611F1 /* AppDelegate.swift in Sources */,
			);
			runOnlyForDeploymentPostprocessing = 0;
		};
		C4C3BAEB209887E900B611F1 /* Sources */ = {
			isa = PBXSourcesBuildPhase;
			buildActionMask = 2147483647;
			files = (
				C4C3BAF4209887E900B611F1 /* WeatherRobotTests.swift in Sources */,
			);
			runOnlyForDeploymentPostprocessing = 0;
		};
		C4C3BAF6209887E900B611F1 /* Sources */ = {
			isa = PBXSourcesBuildPhase;
			buildActionMask = 2147483647;
			files = (
				C4C3BAFF209887E900B611F1 /* WeatherRobotUITests.swift in Sources */,
			);
			runOnlyForDeploymentPostprocessing = 0;
		};
/* End PBXSourcesBuildPhase section */

/* Begin PBXTargetDependency section */
		C4C3BAF1209887E900B611F1 /* PBXTargetDependency */ = {
			isa = PBXTargetDependency;
			target = C4C3BADA209887E700B611F1 /* WeatherRobot */;
			targetProxy = C4C3BAF0209887E900B611F1 /* PBXContainerItemProxy */;
		};
		C4C3BAFC209887E900B611F1 /* PBXTargetDependency */ = {
			isa = PBXTargetDependency;
			target = C4C3BADA209887E700B611F1 /* WeatherRobot */;
			targetProxy = C4C3BAFB209887E900B611F1 /* PBXContainerItemProxy */;
		};
/* End PBXTargetDependency section */

/* Begin PBXVariantGroup section */
		C4C3BAE2209887E800B611F1 /* Main.storyboard */ = {
			isa = PBXVariantGroup;
			children = (
				C4C3BAE3209887E800B611F1 /* Base */,
			);
			name = Main.storyboard;
			sourceTree = "<group>";
		};
		C4C3BAE7209887E800B611F1 /* LaunchScreen.storyboard */ = {
			isa = PBXVariantGroup;
			children = (
				C4C3BAE8209887E800B611F1 /* Base */,
			);
			name = LaunchScreen.storyboard;
			sourceTree = "<group>";
		};
/* End PBXVariantGroup section */

/* Begin XCBuildConfiguration section */
		C4C3BB01209887E900B611F1 /* Debug */ = {
			isa = XCBuildConfiguration;
			buildSettings = {
				ALWAYS_SEARCH_USER_PATHS = NO;
				CLANG_ANALYZER_NONNULL = YES;
				CLANG_ANALYZER_NUMBER_OBJECT_CONVERSION = YES_AGGRESSIVE;
				CLANG_CXX_LANGUAGE_STANDARD = "gnu++14";
				CLANG_CXX_LIBRARY = "libc++";
				CLANG_ENABLE_MODULES = YES;
				CLANG_ENABLE_OBJC_ARC = YES;
				CLANG_WARN_BLOCK_CAPTURE_AUTORELEASING = YES;
				CLANG_WARN_BOOL_CONVERSION = YES;
				CLANG_WARN_COMMA = YES;
				CLANG_WARN_CONSTANT_CONVERSION = YES;
				CLANG_WARN_DIRECT_OBJC_ISA_USAGE = YES_ERROR;
				CLANG_WARN_DOCUMENTATION_COMMENTS = YES;
				CLANG_WARN_EMPTY_BODY = YES;
				CLANG_WARN_ENUM_CONVERSION = YES;
				CLANG_WARN_INFINITE_RECURSION = YES;
				CLANG_WARN_INT_CONVERSION = YES;
				CLANG_WARN_NON_LITERAL_NULL_CONVERSION = YES;
				CLANG_WARN_OBJC_LITERAL_CONVERSION = YES;
				CLANG_WARN_OBJC_ROOT_CLASS = YES_ERROR;
				CLANG_WARN_RANGE_LOOP_ANALYSIS = YES;
				CLANG_WARN_STRICT_PROTOTYPES = YES;
				CLANG_WARN_SUSPICIOUS_MOVE = YES;
				CLANG_WARN_UNGUARDED_AVAILABILITY = YES_AGGRESSIVE;
				CLANG_WARN_UNREACHABLE_CODE = YES;
				CLANG_WARN__DUPLICATE_METHOD_MATCH = YES;
				CODE_SIGN_IDENTITY = "iPhone Developer";
				COPY_PHASE_STRIP = NO;
				DEBUG_INFORMATION_FORMAT = dwarf;
				ENABLE_STRICT_OBJC_MSGSEND = YES;
				ENABLE_TESTABILITY = YES;
				GCC_C_LANGUAGE_STANDARD = gnu11;
				GCC_DYNAMIC_NO_PIC = NO;
				GCC_NO_COMMON_BLOCKS = YES;
				GCC_OPTIMIZATION_LEVEL = 0;
				GCC_PREPROCESSOR_DEFINITIONS = (
					"DEBUG=1",
					"$(inherited)",
				);
				GCC_WARN_64_TO_32_BIT_CONVERSION = YES;
				GCC_WARN_ABOUT_RETURN_TYPE = YES_ERROR;
				GCC_WARN_UNDECLARED_SELECTOR = YES;
				GCC_WARN_UNINITIALIZED_AUTOS = YES_AGGRESSIVE;
				GCC_WARN_UNUSED_FUNCTION = YES;
				GCC_WARN_UNUSED_VARIABLE = YES;
				IPHONEOS_DEPLOYMENT_TARGET = 11.2;
				MTL_ENABLE_DEBUG_INFO = YES;
				ONLY_ACTIVE_ARCH = YES;
				SDKROOT = iphoneos;
				SWIFT_ACTIVE_COMPILATION_CONDITIONS = DEBUG;
				SWIFT_OPTIMIZATION_LEVEL = "-Onone";
			};
			name = Debug;
		};
		C4C3BB02209887E900B611F1 /* Release */ = {
			isa = XCBuildConfiguration;
			buildSettings = {
				ALWAYS_SEARCH_USER_PATHS = NO;
				CLANG_ANALYZER_NONNULL = YES;
				CLANG_ANALYZER_NUMBER_OBJECT_CONVERSION = YES_AGGRESSIVE;
				CLANG_CXX_LANGUAGE_STANDARD = "gnu++14";
				CLANG_CXX_LIBRARY = "libc++";
				CLANG_ENABLE_MODULES = YES;
				CLANG_ENABLE_OBJC_ARC = YES;
				CLANG_WARN_BLOCK_CAPTURE_AUTORELEASING = YES;
				CLANG_WARN_BOOL_CONVERSION = YES;
				CLANG_WARN_COMMA = YES;
				CLANG_WARN_CONSTANT_CONVERSION = YES;
				CLANG_WARN_DIRECT_OBJC_ISA_USAGE = YES_ERROR;
				CLANG_WARN_DOCUMENTATION_COMMENTS = YES;
				CLANG_WARN_EMPTY_BODY = YES;
				CLANG_WARN_ENUM_CONVERSION = YES;
				CLANG_WARN_INFINITE_RECURSION = YES;
				CLANG_WARN_INT_CONVERSION = YES;
				CLANG_WARN_NON_LITERAL_NULL_CONVERSION = YES;
				CLANG_WARN_OBJC_LITERAL_CONVERSION = YES;
				CLANG_WARN_OBJC_ROOT_CLASS = YES_ERROR;
				CLANG_WARN_RANGE_LOOP_ANALYSIS = YES;
				CLANG_WARN_STRICT_PROTOTYPES = YES;
				CLANG_WARN_SUSPICIOUS_MOVE = YES;
				CLANG_WARN_UNGUARDED_AVAILABILITY = YES_AGGRESSIVE;
				CLANG_WARN_UNREACHABLE_CODE = YES;
				CLANG_WARN__DUPLICATE_METHOD_MATCH = YES;
				CODE_SIGN_IDENTITY = "iPhone Developer";
				COPY_PHASE_STRIP = NO;
				DEBUG_INFORMATION_FORMAT = "dwarf-with-dsym";
				ENABLE_NS_ASSERTIONS = NO;
				ENABLE_STRICT_OBJC_MSGSEND = YES;
				GCC_C_LANGUAGE_STANDARD = gnu11;
				GCC_NO_COMMON_BLOCKS = YES;
				GCC_WARN_64_TO_32_BIT_CONVERSION = YES;
				GCC_WARN_ABOUT_RETURN_TYPE = YES_ERROR;
				GCC_WARN_UNDECLARED_SELECTOR = YES;
				GCC_WARN_UNINITIALIZED_AUTOS = YES_AGGRESSIVE;
				GCC_WARN_UNUSED_FUNCTION = YES;
				GCC_WARN_UNUSED_VARIABLE = YES;
				IPHONEOS_DEPLOYMENT_TARGET = 11.2;
				MTL_ENABLE_DEBUG_INFO = NO;
				SDKROOT = iphoneos;
				SWIFT_OPTIMIZATION_LEVEL = "-Owholemodule";
				VALIDATE_PRODUCT = YES;
			};
			name = Release;
		};
		C4C3BB04209887E900B611F1 /* Debug */ = {
			isa = XCBuildConfiguration;
			buildSettings = {
				ASSETCATALOG_COMPILER_APPICON_NAME = AppIcon;
				CLANG_ENABLE_MODULES = YES;
				CODE_SIGN_STYLE = Automatic;
				DEVELOPMENT_TEAM = DT5G7UBKH4;
				INFOPLIST_FILE = WeatherRobot/Info.plist;
				LD_RUNPATH_SEARCH_PATHS = "$(inherited) @executable_path/Frameworks";
				PRODUCT_BUNDLE_IDENTIFIER = com.medigarage.WeatherRobot;
				PRODUCT_NAME = "$(TARGET_NAME)";
				SWIFT_OBJC_BRIDGING_HEADER = "WeatherRobot/WeatherRobot-Bridging-Header.h";
				SWIFT_OPTIMIZATION_LEVEL = "-Onone";
				SWIFT_VERSION = 4.0;
				TARGETED_DEVICE_FAMILY = "1,2";
			};
			name = Debug;
		};
		C4C3BB05209887E900B611F1 /* Release */ = {
			isa = XCBuildConfiguration;
			buildSettings = {
				ASSETCATALOG_COMPILER_APPICON_NAME = AppIcon;
				CLANG_ENABLE_MODULES = YES;
				CODE_SIGN_STYLE = Automatic;
				DEVELOPMENT_TEAM = DT5G7UBKH4;
				INFOPLIST_FILE = WeatherRobot/Info.plist;
				LD_RUNPATH_SEARCH_PATHS = "$(inherited) @executable_path/Frameworks";
				PRODUCT_BUNDLE_IDENTIFIER = com.medigarage.WeatherRobot;
				PRODUCT_NAME = "$(TARGET_NAME)";
				SWIFT_OBJC_BRIDGING_HEADER = "WeatherRobot/WeatherRobot-Bridging-Header.h";
				SWIFT_VERSION = 4.0;
				TARGETED_DEVICE_FAMILY = "1,2";
			};
			name = Release;
		};
		C4C3BB07209887E900B611F1 /* Debug */ = {
			isa = XCBuildConfiguration;
			buildSettings = {
				ALWAYS_EMBED_SWIFT_STANDARD_LIBRARIES = YES;
				BUNDLE_LOADER = "$(TEST_HOST)";
				CODE_SIGN_STYLE = Automatic;
				DEVELOPMENT_TEAM = DT5G7UBKH4;
				INFOPLIST_FILE = WeatherRobotTests/Info.plist;
				LD_RUNPATH_SEARCH_PATHS = "$(inherited) @executable_path/Frameworks @loader_path/Frameworks";
				PRODUCT_BUNDLE_IDENTIFIER = com.medigarage.WeatherRobotTests;
				PRODUCT_NAME = "$(TARGET_NAME)";
				SWIFT_VERSION = 4.0;
				TARGETED_DEVICE_FAMILY = "1,2";
				TEST_HOST = "$(BUILT_PRODUCTS_DIR)/WeatherRobot.app/WeatherRobot";
			};
			name = Debug;
		};
		C4C3BB08209887E900B611F1 /* Release */ = {
			isa = XCBuildConfiguration;
			buildSettings = {
				ALWAYS_EMBED_SWIFT_STANDARD_LIBRARIES = YES;
				BUNDLE_LOADER = "$(TEST_HOST)";
				CODE_SIGN_STYLE = Automatic;
				DEVELOPMENT_TEAM = DT5G7UBKH4;
				INFOPLIST_FILE = WeatherRobotTests/Info.plist;
				LD_RUNPATH_SEARCH_PATHS = "$(inherited) @executable_path/Frameworks @loader_path/Frameworks";
				PRODUCT_BUNDLE_IDENTIFIER = com.medigarage.WeatherRobotTests;
				PRODUCT_NAME = "$(TARGET_NAME)";
				SWIFT_VERSION = 4.0;
				TARGETED_DEVICE_FAMILY = "1,2";
				TEST_HOST = "$(BUILT_PRODUCTS_DIR)/WeatherRobot.app/WeatherRobot";
			};
			name = Release;
		};
		C4C3BB0A209887E900B611F1 /* Debug */ = {
			isa = XCBuildConfiguration;
			buildSettings = {
				ALWAYS_EMBED_SWIFT_STANDARD_LIBRARIES = YES;
				CODE_SIGN_STYLE = Automatic;
				DEVELOPMENT_TEAM = DT5G7UBKH4;
				INFOPLIST_FILE = WeatherRobotUITests/Info.plist;
				LD_RUNPATH_SEARCH_PATHS = "$(inherited) @executable_path/Frameworks @loader_path/Frameworks";
				PRODUCT_BUNDLE_IDENTIFIER = com.medigarage.WeatherRobotUITests;
				PRODUCT_NAME = "$(TARGET_NAME)";
				SWIFT_VERSION = 4.0;
				TARGETED_DEVICE_FAMILY = "1,2";
				TEST_TARGET_NAME = WeatherRobot;
			};
			name = Debug;
		};
		C4C3BB0B209887E900B611F1 /* Release */ = {
			isa = XCBuildConfiguration;
			buildSettings = {
				ALWAYS_EMBED_SWIFT_STANDARD_LIBRARIES = YES;
				CODE_SIGN_STYLE = Automatic;
				DEVELOPMENT_TEAM = DT5G7UBKH4;
				INFOPLIST_FILE = WeatherRobotUITests/Info.plist;
				LD_RUNPATH_SEARCH_PATHS = "$(inherited) @executable_path/Frameworks @loader_path/Frameworks";
				PRODUCT_BUNDLE_IDENTIFIER = com.medigarage.WeatherRobotUITests;
				PRODUCT_NAME = "$(TARGET_NAME)";
				SWIFT_VERSION = 4.0;
				TARGETED_DEVICE_FAMILY = "1,2";
				TEST_TARGET_NAME = WeatherRobot;
			};
			name = Release;
		};
/* End XCBuildConfiguration section */

/* Begin XCConfigurationList section */
		C4C3BAD6209887E700B611F1 /* Build configuration list for PBXProject "WeatherRobot" */ = {
			isa = XCConfigurationList;
			buildConfigurations = (
				C4C3BB01209887E900B611F1 /* Debug */,
				C4C3BB02209887E900B611F1 /* Release */,
			);
			defaultConfigurationIsVisible = 0;
			defaultConfigurationName = Release;
		};
		C4C3BB03209887E900B611F1 /* Build configuration list for PBXNativeTarget "WeatherRobot" */ = {
			isa = XCConfigurationList;
			buildConfigurations = (
				C4C3BB04209887E900B611F1 /* Debug */,
				C4C3BB05209887E900B611F1 /* Release */,
			);
			defaultConfigurationIsVisible = 0;
			defaultConfigurationName = Release;
		};
		C4C3BB06209887E900B611F1 /* Build configuration list for PBXNativeTarget "WeatherRobotTests" */ = {
			isa = XCConfigurationList;
			buildConfigurations = (
				C4C3BB07209887E900B611F1 /* Debug */,
				C4C3BB08209887E900B611F1 /* Release */,
			);
			defaultConfigurationIsVisible = 0;
			defaultConfigurationName = Release;
		};
		C4C3BB09209887E900B611F1 /* Build configuration list for PBXNativeTarget "WeatherRobotUITests" */ = {
			isa = XCConfigurationList;
			buildConfigurations = (
				C4C3BB0A209887E900B611F1 /* Debug */,
				C4C3BB0B209887E900B611F1 /* Release */,
			);
			defaultConfigurationIsVisible = 0;
			defaultConfigurationName = Release;
		};
/* End XCConfigurationList section */
	};
	rootObject = C4C3BAD3209887E700B611F1 /* Project object */;
}
